
Microsoft Visual Studio Solution File, Format Version 12.00
# Visual Studio 15
VisualStudioVersion = 15.0.28010.2041
MinimumVisualStudioVersion = 10.0.40219.1
Project("{FAE04EC0-301F-11D3-BF4B-00C04F79EFBC}") = "Insist", "Insist\Insist.csproj", "{1AB92827-33D7-46A4-93F5-B793BC1A9150}"
EndProject
Project("{FAE04EC0-301F-11D3-BF4B-00C04F79EFBC}") = "Insist.Tests", "Insist.Tests\Insist.Tests.csproj", "{8E1ADFD1-D40E-4934-9604-CECE37DF2779}"
EndProject
Global
	GlobalSection(SolutionConfigurationPlatforms) = preSolution
		Debug|Any CPU = Debug|Any CPU
		Release|Any CPU = Release|Any CPU
	EndGlobalSection
	GlobalSection(ProjectConfigurationPlatforms) = postSolution
		{1AB92827-33D7-46A4-93F5-B793BC1A9150}.Debug|Any CPU.ActiveCfg = Debug|Any CPU
		{1AB92827-33D7-46A4-93F5-B793BC1A9150}.Debug|Any CPU.Build.0 = Debug|Any CPU
		{1AB92827-33D7-46A4-93F5-B793BC1A9150}.Release|Any CPU.ActiveCfg = Release|Any CPU
		{1AB92827-33D7-46A4-93F5-B793BC1A9150}.Release|Any CPU.Build.0 = Release|Any CPU
		{8E1ADFD1-D40E-4934-9604-CECE37DF2779}.Debug|Any CPU.ActiveCfg = Debug|Any CPU
		{8E1ADFD1-D40E-4934-9604-CECE37DF2779}.Debug|Any CPU.Build.0 = Debug|Any CPU
		{8E1ADFD1-D40E-4934-9604-CECE37DF2779}.Release|Any CPU.ActiveCfg = Release|Any CPU
		{8E1ADFD1-D40E-4934-9604-CECE37DF2779}.Release|Any CPU.Build.0 = Release|Any CPU
	EndGlobalSection
	GlobalSection(SolutionProperties) = preSolution
		HideSolutionNode = FALSE
	EndGlobalSection
	GlobalSection(ExtensibilityGlobals) = postSolution
		SolutionGuid = {9F58F671-59D5-4A2B-AFC9-770A6DA8BCC9}
	EndGlobalSection
EndGlobal
